
Microsoft Visual Studio Solution File, Format Version 12.00
# Visual Studio 15
Project("{FAE04EC0-301F-11D3-BF4B-00C04F79EFBC}") = "XamarinWeather.Droid", "Droid\XamarinWeather.Droid.csproj", "{B1397DD6-39D4-440B-A78F-EC1DAC001012}"
EndProject
Project("{FAE04EC0-301F-11D3-BF4B-00C04F79EFBC}") = "XamarinWeather", "XamarinWeather\XamarinWeather.csproj", "{A545AD7F-4A64-4358-B536-3F030AE845B8}"
EndProject
Global
	GlobalSection(SolutionConfigurationPlatforms) = preSolution
		Debug|iPhoneSimulator = Debug|iPhoneSimulator
		Release|iPhone = Release|iPhone
		Release|iPhoneSimulator = Release|iPhoneSimulator
		Debug|iPhone = Debug|iPhone
		Debug|Any CPU = Debug|Any CPU
		Release|Any CPU = Release|Any CPU
	EndGlobalSection
	GlobalSection(ProjectConfigurationPlatforms) = postSolution
		{B1397DD6-39D4-440B-A78F-EC1DAC001012}.Debug|iPhoneSimulator.ActiveCfg = Debug|Any CPU
		{B1397DD6-39D4-440B-A78F-EC1DAC001012}.Debug|iPhoneSimulator.Build.0 = Debug|Any CPU
		{B1397DD6-39D4-440B-A78F-EC1DAC001012}.Release|iPhone.ActiveCfg = Release|Any CPU
		{B1397DD6-39D4-440B-A78F-EC1DAC001012}.Release|iPhone.Build.0 = Release|Any CPU
		{B1397DD6-39D4-440B-A78F-EC1DAC001012}.Release|iPhoneSimulator.ActiveCfg = Release|Any CPU
		{B1397DD6-39D4-440B-A78F-EC1DAC001012}.Release|iPhoneSimulator.Build.0 = Release|Any CPU
		{B1397DD6-39D4-440B-A78F-EC1DAC001012}.Debug|iPhone.ActiveCfg = Debug|Any CPU
		{B1397DD6-39D4-440B-A78F-EC1DAC001012}.Debug|iPhone.Build.0 = Debug|Any CPU
		{B1397DD6-39D4-440B-A78F-EC1DAC001012}.Debug|Any CPU.ActiveCfg = Debug|Any CPU
		{B1397DD6-39D4-440B-A78F-EC1DAC001012}.Debug|Any CPU.Build.0 = Debug|Any CPU
		{B1397DD6-39D4-440B-A78F-EC1DAC001012}.Release|Any CPU.ActiveCfg = Release|Any CPU
		{B1397DD6-39D4-440B-A78F-EC1DAC001012}.Release|Any CPU.Build.0 = Release|Any CPU
		{A545AD7F-4A64-4358-B536-3F030AE845B8}.Debug|iPhoneSimulator.ActiveCfg = Debug|Any CPU
		{A545AD7F-4A64-4358-B536-3F030AE845B8}.Debug|iPhoneSimulator.Build.0 = Debug|Any CPU
		{A545AD7F-4A64-4358-B536-3F030AE845B8}.Release|iPhone.ActiveCfg = Release|Any CPU
		{A545AD7F-4A64-4358-B536-3F030AE845B8}.Release|iPhone.Build.0 = Release|Any CPU
		{A545AD7F-4A64-4358-B536-3F030AE845B8}.Release|iPhoneSimulator.ActiveCfg = Release|Any CPU
		{A545AD7F-4A64-4358-B536-3F030AE845B8}.Release|iPhoneSimulator.Build.0 = Release|Any CPU
		{A545AD7F-4A64-4358-B536-3F030AE845B8}.Debug|iPhone.ActiveCfg = Debug|Any CPU
		{A545AD7F-4A64-4358-B536-3F030AE845B8}.Debug|iPhone.Build.0 = Debug|Any CPU
		{A545AD7F-4A64-4358-B536-3F030AE845B8}.Debug|Any CPU.ActiveCfg = Debug|Any CPU
		{A545AD7F-4A64-4358-B536-3F030AE845B8}.Debug|Any CPU.Build.0 = Debug|Any CPU
		{A545AD7F-4A64-4358-B536-3F030AE845B8}.Release|Any CPU.ActiveCfg = Release|Any CPU
		{A545AD7F-4A64-4358-B536-3F030AE845B8}.Release|Any CPU.Build.0 = Release|Any CPU
	EndGlobalSection
EndGlobal
